
Microsoft Visual Studio Solution File, Format Version 12.00
# Visual Studio Version 18
VisualStudioVersion = 18.6.11822.322
MinimumVisualStudioVersion = 10.0.40219.1
Project("{FAE04EC0-301F-11D3-BF4B-00C04F79EFBC}") = "Utils.ScheduledNotifications", "ScheduledNotifications\Utils.ScheduledNotifications.csproj", "{B6639473-D359-46FA-8B52-5952E609D452}"
EndProject
Project("{FAE04EC0-301F-11D3-BF4B-00C04F79EFBC}") = "ScheduledNotificationInstallBackend", "ScheduledNotificationInstallBackend\ScheduledNotificationInstallBackend.csproj", "{32D927BD-CE56-4B26-8511-4F2DBDE1E81C}"
EndProject
Project("{D954291E-2A0B-460D-934E-DC6B0785DB48}") = "Shared", "Shared\Shared.shproj", "{1CE01F88-789A-4A87-8655-D4D91B0F7AFF}"
EndProject
Project("{2150E333-8FDC-42A3-9474-1A3956D46DE8}") = "Internal", "Internal", "{988EA2ED-8986-45F8-831C-A4F79CD8FE34}"
EndProject
Project("{2150E333-8FDC-42A3-9474-1A3956D46DE8}") = "Code Analysis", "Code Analysis", "{FFDF1840-2A9B-489F-B951-9866F1873B55}"
	ProjectSection(SolutionItems) = preProject
		Internal\Code Analysis\qaction-debug.ruleset = Internal\Code Analysis\qaction-debug.ruleset
		Internal\Code Analysis\qaction-release.ruleset = Internal\Code Analysis\qaction-release.ruleset
		Internal\Code Analysis\stylecop.json = Internal\Code Analysis\stylecop.json
	EndProjectSection
EndProject
Global
	GlobalSection(SolutionConfigurationPlatforms) = preSolution
		Debug|Any CPU = Debug|Any CPU
		Release|Any CPU = Release|Any CPU
	EndGlobalSection
	GlobalSection(ProjectConfigurationPlatforms) = postSolution
		{B6639473-D359-46FA-8B52-5952E609D452}.Debug|Any CPU.ActiveCfg = Debug|Any CPU
		{B6639473-D359-46FA-8B52-5952E609D452}.Debug|Any CPU.Build.0 = Debug|Any CPU
		{B6639473-D359-46FA-8B52-5952E609D452}.Release|Any CPU.ActiveCfg = Release|Any CPU
		{B6639473-D359-46FA-8B52-5952E609D452}.Release|Any CPU.Build.0 = Release|Any CPU
		{32D927BD-CE56-4B26-8511-4F2DBDE1E81C}.Debug|Any CPU.ActiveCfg = Debug|Any CPU
		{32D927BD-CE56-4B26-8511-4F2DBDE1E81C}.Debug|Any CPU.Build.0 = Debug|Any CPU
		{32D927BD-CE56-4B26-8511-4F2DBDE1E81C}.Release|Any CPU.ActiveCfg = Release|Any CPU
		{32D927BD-CE56-4B26-8511-4F2DBDE1E81C}.Release|Any CPU.Build.0 = Release|Any CPU
	EndGlobalSection
	GlobalSection(SolutionProperties) = preSolution
		HideSolutionNode = FALSE
	EndGlobalSection
	GlobalSection(NestedProjects) = preSolution
		{FFDF1840-2A9B-489F-B951-9866F1873B55} = {988EA2ED-8986-45F8-831C-A4F79CD8FE34}
	EndGlobalSection
	GlobalSection(ExtensibilityGlobals) = postSolution
		SolutionGuid = {F1433552-6095-428D-BA8F-31B8FBF42A8F}
	EndGlobalSection
	GlobalSection(SharedMSBuildProjectFiles) = preSolution
		Shared\Shared.projitems*{1ce01f88-789a-4a87-8655-d4d91b0f7aff}*SharedItemsImports = 13
		Shared\Shared.projitems*{32d927bd-ce56-4b26-8511-4f2dbde1e81c}*SharedItemsImports = 5
		Shared\Shared.projitems*{b6639473-d359-46fa-8b52-5952e609d452}*SharedItemsImports = 5
	EndGlobalSection
EndGlobal
